{
  "name": "puellaquae.github.io",
  "version": "0.0.0",
  "lockfileVersion": 2,
  "requires": true,
  "packages": {
    "": {
      "name": "puellaquae.github.io",
      "version": "0.0.0",
      "license": "ISC",
      "dependencies": {
        "highlight.js": "^11.4.0",
        "jsptm": "^0.0.12",
        "nanoid": "^3.3.2",
        "nunjucks": "^3.2.3"
      },
      "devDependencies": {
        "@types/node": "^17.0.21",
        "@types/nunjucks": "^3.2.1",
        "typescript": "^4.6.2"
      }
    },
    "node_modules/@ltd/j-toml": {
      "version": "1.30.0",
      "resolved": "https://registry.npmjs.org/@ltd/j-toml/-/j-toml-1.30.0.tgz",
      "integrity": "sha512-RMylvTbZiU9B5bx+bZmPtacKobjMJOJBDxn3TPraEe4bz/gG0ZpVKCedDqLgrDYIlCSxUutoFan1IJ2EHxvo3Q=="
    },
    "node_modules/@types/node": {
      "version": "17.0.21",
      "resolved": "https://registry.npmjs.org/@types/node/-/node-17.0.21.tgz",
      "integrity": "sha512-DBZCJbhII3r90XbQxI8Y9IjjiiOGlZ0Hr32omXIZvwwZ7p4DMMXGrKXVyPfuoBOri9XNtL0UK69jYIBIsRX3QQ==",
      "dev": true
    },
    "node_modules/@types/nunjucks": {
      "version": "3.2.1",
      "resolved": "https://registry.npmjs.org/@types/nunjucks/-/nunjucks-3.2.1.tgz",
      "integrity": "sha512-hUh5HIC7peH+0MvlYU5KM2RydWxG1mBceivHsQGwlelU9zlczLICyJmjMwgjkI3m0+N50n46GVHkw35lIim6LQ==",
      "dev": true
    },
    "node_modules/a-sync-waterfall": {
      "version": "1.0.1",
      "resolved": "https://registry.npmjs.org/a-sync-waterfall/-/a-sync-waterfall-1.0.1.tgz",
      "integrity": "sha512-RYTOHHdWipFUliRFMCS4X2Yn2X8M87V/OpSqWzKKOGhzqyUxzyVmhHDH9sAvG+ZuQf/TAOFsLCpMw09I1ufUnA=="
    },
    "node_modules/asap": {
      "version": "2.0.6",
      "resolved": "https://registry.npmjs.org/asap/-/asap-2.0.6.tgz",
      "integrity": "sha1-5QNHYR1+aQlDIIu9r+vLwvuGbUY="
    },
    "node_modules/highlight.js": {
      "version": "11.4.0",
      "resolved": "https://registry.npmjs.org/highlight.js/-/highlight.js-11.4.0.tgz",
      "integrity": "sha512-nawlpCBCSASs7EdvZOYOYVkJpGmAOKMYZgZtUqSRqodZE0GRVcFKwo1RcpeOemqh9hyttTdd5wDBwHkuSyUfnA==",
      "engines": {
        "node": ">=12.0.0"
      }
    },
    "node_modules/jsptm": {
      "version": "0.0.12",
      "resolved": "https://registry.npmjs.org/jsptm/-/jsptm-0.0.12.tgz",
      "integrity": "sha512-ExvUN+sGcVFut3e+HW1EY60sOVICvnpHFsZyUksEOkmsQomIeO5GBbTUFxXS3oPv8OBOQFUzBg7e4fvjPq5bSQ==",
      "dependencies": {
        "@ltd/j-toml": "^1.29.0"
      }
    },
    "node_modules/nanoid": {
      "version": "3.3.2",
      "resolved": "https://registry.npmjs.org/nanoid/-/nanoid-3.3.2.tgz",
      "integrity": "sha512-CuHBogktKwpm5g2sRgv83jEy2ijFzBwMoYA60orPDR7ynsLijJDqgsi4RDGj3OJpy3Ieb+LYwiRmIOGyytgITA==",
      "bin": {
        "nanoid": "bin/nanoid.cjs"
      },
      "engines": {
        "node": "^10 || ^12 || ^13.7 || ^14 || >=15.0.1"
      }
    },
    "node_modules/nunjucks": {
      "version": "3.2.3",
      "resolved": "https://registry.npmjs.org/nunjucks/-/nunjucks-3.2.3.tgz",
      "integrity": "sha512-psb6xjLj47+fE76JdZwskvwG4MYsQKXUtMsPh6U0YMvmyjRtKRFcxnlXGWglNybtNTNVmGdp94K62/+NjF5FDQ==",
      "dependencies": {
        "a-sync-waterfall": "^1.0.0",
        "asap": "^2.0.3",
        "commander": "^5.1.0"
      },
      "bin": {
        "nunjucks-precompile": "bin/precompile"
      },
      "engines": {
        "node": ">= 6.9.0"
      },
      "peerDependencies": {
        "chokidar": "^3.3.0"
      },
      "peerDependenciesMeta": {
        "chokidar": {
          "optional": true
        }
      }
    },
    "node_modules/nunjucks/node_modules/commander": {
      "version": "5.1.0",
      "resolved": "https://registry.npmjs.org/commander/-/commander-5.1.0.tgz",
      "integrity": "sha512-P0CysNDQ7rtVw4QIQtm+MRxV66vKFSvlsQvGYXZWR3qFU0jlMKHZZZgw8e+8DSah4UDKMqnknRDQz+xuQXQ/Zg==",
      "engines": {
        "node": ">= 6"
      }
    },
    "node_modules/typescript": {
      "version": "4.6.2",
      "resolved": "https://registry.npmjs.org/typescript/-/typescript-4.6.2.tgz",
      "integrity": "sha512-HM/hFigTBHZhLXshn9sN37H085+hQGeJHJ/X7LpBWLID/fbc2acUMfU+lGD98X81sKP+pFa9f0DZmCwB9GnbAg==",
      "dev": true,
      "bin": {
        "tsc": "bin/tsc",
        "tsserver": "bin/tsserver"
      },
      "engines": {
        "node": ">=4.2.0"
      }
    }
  },
  "dependencies": {
    "@ltd/j-toml": {
      "version": "1.30.0",
      "resolved": "https://registry.npmjs.org/@ltd/j-toml/-/j-toml-1.30.0.tgz",
      "integrity": "sha512-RMylvTbZiU9B5bx+bZmPtacKobjMJOJBDxn3TPraEe4bz/gG0ZpVKCedDqLgrDYIlCSxUutoFan1IJ2EHxvo3Q=="
    },
    "@types/node": {
      "version": "17.0.21",
      "resolved": "https://registry.npmjs.org/@types/node/-/node-17.0.21.tgz",
      "integrity": "sha512-DBZCJbhII3r90XbQxI8Y9IjjiiOGlZ0Hr32omXIZvwwZ7p4DMMXGrKXVyPfuoBOri9XNtL0UK69jYIBIsRX3QQ==",
      "dev": true
    },
    "@types/nunjucks": {
      "version": "3.2.1",
      "resolved": "https://registry.npmjs.org/@types/nunjucks/-/nunjucks-3.2.1.tgz",
      "integrity": "sha512-hUh5HIC7peH+0MvlYU5KM2RydWxG1mBceivHsQGwlelU9zlczLICyJmjMwgjkI3m0+N50n46GVHkw35lIim6LQ==",
      "dev": true
    },
    "a-sync-waterfall": {
      "version": "1.0.1",
      "resolved": "https://registry.npmjs.org/a-sync-waterfall/-/a-sync-waterfall-1.0.1.tgz",
      "integrity": "sha512-RYTOHHdWipFUliRFMCS4X2Yn2X8M87V/OpSqWzKKOGhzqyUxzyVmhHDH9sAvG+ZuQf/TAOFsLCpMw09I1ufUnA=="
    },
    "asap": {
      "version": "2.0.6",
      "resolved": "https://registry.npmjs.org/asap/-/asap-2.0.6.tgz",
      "integrity": "sha1-5QNHYR1+aQlDIIu9r+vLwvuGbUY="
    },
    "highlight.js": {
      "version": "11.4.0",
      "resolved": "https://registry.npmjs.org/highlight.js/-/highlight.js-11.4.0.tgz",
      "integrity": "sha512-nawlpCBCSASs7EdvZOYOYVkJpGmAOKMYZgZtUqSRqodZE0GRVcFKwo1RcpeOemqh9hyttTdd5wDBwHkuSyUfnA=="
    },
    "jsptm": {
      "version": "0.0.12",
      "resolved": "https://registry.npmjs.org/jsptm/-/jsptm-0.0.12.tgz",
      "integrity": "sha512-ExvUN+sGcVFut3e+HW1EY60sOVICvnpHFsZyUksEOkmsQomIeO5GBbTUFxXS3oPv8OBOQFUzBg7e4fvjPq5bSQ==",
      "requires": {
        "@ltd/j-toml": "^1.29.0"
      }
    },
    "nanoid": {
      "version": "3.3.2",
      "resolved": "https://registry.npmjs.org/nanoid/-/nanoid-3.3.2.tgz",
      "integrity": "sha512-CuHBogktKwpm5g2sRgv83jEy2ijFzBwMoYA60orPDR7ynsLijJDqgsi4RDGj3OJpy3Ieb+LYwiRmIOGyytgITA=="
    },
    "nunjucks": {
      "version": "3.2.3",
      "resolved": "https://registry.npmjs.org/nunjucks/-/nunjucks-3.2.3.tgz",
      "integrity": "sha512-psb6xjLj47+fE76JdZwskvwG4MYsQKXUtMsPh6U0YMvmyjRtKRFcxnlXGWglNybtNTNVmGdp94K62/+NjF5FDQ==",
      "requires": {
        "a-sync-waterfall": "^1.0.0",
        "asap": "^2.0.3",
        "commander": "^5.1.0"
      },
      "dependencies": {
        "commander": {
          "version": "5.1.0",
          "resolved": "https://registry.npmjs.org/commander/-/commander-5.1.0.tgz",
          "integrity": "sha512-P0CysNDQ7rtVw4QIQtm+MRxV66vKFSvlsQvGYXZWR3qFU0jlMKHZZZgw8e+8DSah4UDKMqnknRDQz+xuQXQ/Zg=="
        }
      }
    },
    "typescript": {
      "version": "4.6.2",
      "resolved": "https://registry.npmjs.org/typescript/-/typescript-4.6.2.tgz",
      "integrity": "sha512-HM/hFigTBHZhLXshn9sN37H085+hQGeJHJ/X7LpBWLID/fbc2acUMfU+lGD98X81sKP+pFa9f0DZmCwB9GnbAg==",
      "dev": true
    }
  }
}
